// !$*UTF8*$!
{
	archiveVersion = 1;
	classes = {
	};
	objectVersion = 56;
	objects = {

/* Begin PBXBuildFile section */
		5A59D04A2E5B73BB0050866E /* soundWalkApp.swift in Sources */ = {isa = PBXBuildFile; fileRef = 5A59D0492E5B73BB0050866E /* soundWalkApp.swift */; };
		5A59D04E2E5B73BB0050866E /* Item.swift in Sources */ = {isa = PBXBuildFile; fileRef = 5A59D04D2E5B73BB0050866E /* Item.swift */; };
		5A59D0502E5B73BC0050866E /* Assets.xcassets in Resources */ = {isa = PBXBuildFile; fileRef = 5A59D04F2E5B73BC0050866E /* Assets.xcassets */; };
		5A59D0532E5B73BC0050866E /* Preview Assets.xcassets in Resources */ = {isa = PBXBuildFile; fileRef = 5A59D0522E5B73BC0050866E /* Preview Assets.xcassets */; };
		5A59D05D2E5B73BC0050866E /* soundWalkTests.swift in Sources */ = {isa = PBXBuildFile; fileRef = 5A59D05C2E5B73BC0050866E /* soundWalkTests.swift */; };
		5A59D0672E5B73BC0050866E /* soundWalkUITests.swift in Sources */ = {isa = PBXBuildFile; fileRef = 5A59D0662E5B73BC0050866E /* soundWalkUITests.swift */; };
		5A59D0692E5B73BC0050866E /* soundWalkUITestsLaunchTests.swift in Sources */ = {isa = PBXBuildFile; fileRef = 5A59D0682E5B73BC0050866E /* soundWalkUITestsLaunchTests.swift */; };
		5A59D0772E5BABDA0050866E /* ClockTick.wav in Resources */ = {isa = PBXBuildFile; fileRef = 5A59D0762E5BABDA0050866E /* ClockTick.wav */; };
		5A59D07B2E5BB6E70050866E /* familyUnits.wav in Resources */ = {isa = PBXBuildFile; fileRef = 5A59D07A2E5BB6E70050866E /* familyUnits.wav */; };
		5A59D07D2E5BCA330050866E /* Zone.swift in Sources */ = {isa = PBXBuildFile; fileRef = 5A59D07C2E5BCA330050866E /* Zone.swift */; };
		5A59D07F2E5BCA920050866E /* SoundWalkManager.swift in Sources */ = {isa = PBXBuildFile; fileRef = 5A59D07E2E5BCA920050866E /* SoundWalkManager.swift */; };
		5A59D0812E5BCAC20050866E /* LocationService.swift in Sources */ = {isa = PBXBuildFile; fileRef = 5A59D0802E5BCAC20050866E /* LocationService.swift */; };
		5A59D0832E5BD8680050866E /* ZoneEditorView.swift in Sources */ = {isa = PBXBuildFile; fileRef = 5A59D0822E5BD8680050866E /* ZoneEditorView.swift */; };
		5A59D0852E5C76570050866E /* deliverance.wav in Resources */ = {isa = PBXBuildFile; fileRef = 5A59D0842E5C76570050866E /* deliverance.wav */; };
		5A59D0872E5C77850050866E /* cello.wav in Resources */ = {isa = PBXBuildFile; fileRef = 5A59D0862E5C77850050866E /* cello.wav */; };
/* End PBXBuildFile section */

/* Begin PBXContainerItemProxy section */
		5A59D0592E5B73BC0050866E /* PBXContainerItemProxy */ = {
			isa = PBXContainerItemProxy;
			containerPortal = 5A59D03E2E5B73BB0050866E /* Project object */;
			proxyType = 1;
			remoteGlobalIDString = 5A59D0452E5B73BB0050866E;
			remoteInfo = soundWalk;
		};
		5A59D0632E5B73BC0050866E /* PBXContainerItemProxy */ = {
			isa = PBXContainerItemProxy;
			containerPortal = 5A59D03E2E5B73BB0050866E /* Project object */;
			proxyType = 1;
			remoteGlobalIDString = 5A59D0452E5B73BB0050866E;
			remoteInfo = soundWalk;
		};
/* End PBXContainerItemProxy section */

/* Begin PBXFileReference section */
		5A59D0462E5B73BB0050866E /* soundWalk.app */ = {isa = PBXFileReference; explicitFileType = wrapper.application; includeInIndex = 0; path = soundWalk.app; sourceTree = BUILT_PRODUCTS_DIR; };
		5A59D0492E5B73BB0050866E /* soundWalkApp.swift */ = {isa = PBXFileReference; lastKnownFileType = sourcecode.swift; path = soundWalkApp.swift; sourceTree = "<group>"; };
		5A59D04D2E5B73BB0050866E /* Item.swift */ = {isa = PBXFileReference; lastKnownFileType = sourcecode.swift; path = Item.swift; sourceTree = "<group>"; };
		5A59D04F2E5B73BC0050866E /* Assets.xcassets */ = {isa = PBXFileReference; lastKnownFileType = folder.assetcatalog; path = Assets.xcassets; sourceTree = "<group>"; };
		5A59D0522E5B73BC0050866E /* Preview Assets.xcassets */ = {isa = PBXFileReference; lastKnownFileType = folder.assetcatalog; path = "Preview Assets.xcassets"; sourceTree = "<group>"; };
		5A59D0582E5B73BC0050866E /* soundWalkTests.xctest */ = {isa = PBXFileReference; explicitFileType = wrapper.cfbundle; includeInIndex = 0; path = soundWalkTests.xctest; sourceTree = BUILT_PRODUCTS_DIR; };
		5A59D05C2E5B73BC0050866E /* soundWalkTests.swift */ = {isa = PBXFileReference; lastKnownFileType = sourcecode.swift; path = soundWalkTests.swift; sourceTree = "<group>"; };
		5A59D0622E5B73BC0050866E /* soundWalkUITests.xctest */ = {isa = PBXFileReference; explicitFileType = wrapper.cfbundle; includeInIndex = 0; path = soundWalkUITests.xctest; sourceTree = BUILT_PRODUCTS_DIR; };
		5A59D0662E5B73BC0050866E /* soundWalkUITests.swift */ = {isa = PBXFileReference; lastKnownFileType = sourcecode.swift; path = soundWalkUITests.swift; sourceTree = "<group>"; };
		5A59D0682E5B73BC0050866E /* soundWalkUITestsLaunchTests.swift */ = {isa = PBXFileReference; lastKnownFileType = sourcecode.swift; path = soundWalkUITestsLaunchTests.swift; sourceTree = "<group>"; };
		5A59D0752E5B7E840050866E /* Info.plist */ = {isa = PBXFileReference; lastKnownFileType = text.plist; path = Info.plist; sourceTree = "<group>"; };
		5A59D0762E5BABDA0050866E /* ClockTick.wav */ = {isa = PBXFileReference; lastKnownFileType = audio.wav; path = ClockTick.wav; sourceTree = "<group>"; };
		5A59D07A2E5BB6E70050866E /* familyUnits.wav */ = {isa = PBXFileReference; lastKnownFileType = audio.wav; path = familyUnits.wav; sourceTree = "<group>"; };
		5A59D07C2E5BCA330050866E /* Zone.swift */ = {isa = PBXFileReference; lastKnownFileType = sourcecode.swift; path = Zone.swift; sourceTree = "<group>"; };
		5A59D07E2E5BCA920050866E /* SoundWalkManager.swift */ = {isa = PBXFileReference; lastKnownFileType = sourcecode.swift; path = SoundWalkManager.swift; sourceTree = "<group>"; };
		5A59D0802E5BCAC20050866E /* LocationService.swift */ = {isa = PBXFileReference; lastKnownFileType = sourcecode.swift; path = LocationService.swift; sourceTree = "<group>"; };
		5A59D0822E5BD8680050866E /* ZoneEditorView.swift */ = {isa = PBXFileReference; lastKnownFileType = sourcecode.swift; path = ZoneEditorView.swift; sourceTree = "<group>"; };
		5A59D0842E5C76570050866E /* deliverance.wav */ = {isa = PBXFileReference; lastKnownFileType = audio.wav; path = deliverance.wav; sourceTree = "<group>"; };
		5A59D0862E5C77850050866E /* cello.wav */ = {isa = PBXFileReference; lastKnownFileType = audio.wav; path = cello.wav; sourceTree = "<group>"; };
/* End PBXFileReference section */

/* Begin PBXFrameworksBuildPhase section */
		5A59D0432E5B73BB0050866E /* Frameworks */ = {
			isa = PBXFrameworksBuildPhase;
			buildActionMask = 2147483647;
			files = (
			);
			runOnlyForDeploymentPostprocessing = 0;
		};
		5A59D0552E5B73BC0050866E /* Frameworks */ = {
			isa = PBXFrameworksBuildPhase;
			buildActionMask = 2147483647;
			files = (
			);
			runOnlyForDeploymentPostprocessing = 0;
		};
		5A59D05F2E5B73BC0050866E /* Frameworks */ = {
			isa = PBXFrameworksBuildPhase;
			buildActionMask = 2147483647;
			files = (
			);
			runOnlyForDeploymentPostprocessing = 0;
		};
/* End PBXFrameworksBuildPhase section */

/* Begin PBXGroup section */
		5A59D03D2E5B73BB0050866E = {
			isa = PBXGroup;
			children = (
				5A59D0482E5B73BB0050866E /* soundWalk */,
				5A59D05B2E5B73BC0050866E /* soundWalkTests */,
				5A59D0652E5B73BC0050866E /* soundWalkUITests */,
				5A59D0472E5B73BB0050866E /* Products */,
			);
			sourceTree = "<group>";
		};
		5A59D0472E5B73BB0050866E /* Products */ = {
			isa = PBXGroup;
			children = (
				5A59D0462E5B73BB0050866E /* soundWalk.app */,
				5A59D0582E5B73BC0050866E /* soundWalkTests.xctest */,
				5A59D0622E5B73BC0050866E /* soundWalkUITests.xctest */,
			);
			name = Products;
			sourceTree = "<group>";
		};
		5A59D0482E5B73BB0050866E /* soundWalk */ = {
			isa = PBXGroup;
			children = (
				5A59D0762E5BABDA0050866E /* ClockTick.wav */,
				5A59D0842E5C76570050866E /* deliverance.wav */,
				5A59D0862E5C77850050866E /* cello.wav */,
				5A59D07A2E5BB6E70050866E /* familyUnits.wav */,
				5A59D0752E5B7E840050866E /* Info.plist */,
				5A59D0492E5B73BB0050866E /* soundWalkApp.swift */,
				5A59D07E2E5BCA920050866E /* SoundWalkManager.swift */,
				5A59D0802E5BCAC20050866E /* LocationService.swift */,
				5A59D07C2E5BCA330050866E /* Zone.swift */,
				5A59D04D2E5B73BB0050866E /* Item.swift */,
				5A59D0822E5BD8680050866E /* ZoneEditorView.swift */,
				5A59D04F2E5B73BC0050866E /* Assets.xcassets */,
				5A59D0512E5B73BC0050866E /* Preview Content */,
			);
			path = soundWalk;
			sourceTree = "<group>";
		};
		5A59D0512E5B73BC0050866E /* Preview Content */ = {
			isa = PBXGroup;
			children = (
				5A59D0522E5B73BC0050866E /* Preview Assets.xcassets */,
			);
			path = "Preview Content";
			sourceTree = "<group>";
		};
		5A59D05B2E5B73BC0050866E /* soundWalkTests */ = {
			isa = PBXGroup;
			children = (
				5A59D05C2E5B73BC0050866E /* soundWalkTests.swift */,
			);
			path = soundWalkTests;
			sourceTree = "<group>";
		};
		5A59D0652E5B73BC0050866E /* soundWalkUITests */ = {
			isa = PBXGroup;
			children = (
				5A59D0662E5B73BC0050866E /* soundWalkUITests.swift */,
				5A59D0682E5B73BC0050866E /* soundWalkUITestsLaunchTests.swift */,
			);
			path = soundWalkUITests;
			sourceTree = "<group>";
		};
/* End PBXGroup section */

/* Begin PBXNativeTarget section */
		5A59D0452E5B73BB0050866E /* soundWalk */ = {
			isa = PBXNativeTarget;
			buildConfigurationList = 5A59D06C2E5B73BC0050866E /* Build configuration list for PBXNativeTarget "soundWalk" */;
			buildPhases = (
				5A59D0422E5B73BB0050866E /* Sources */,
				5A59D0432E5B73BB0050866E /* Frameworks */,
				5A59D0442E5B73BB0050866E /* Resources */,
			);
			buildRules = (
			);
			dependencies = (
			);
			name = soundWalk;
			productName = soundWalk;
			productReference = 5A59D0462E5B73BB0050866E /* soundWalk.app */;
			productType = "com.apple.product-type.application";
		};
		5A59D0572E5B73BC0050866E /* soundWalkTests */ = {
			isa = PBXNativeTarget;
			buildConfigurationList = 5A59D06F2E5B73BC0050866E /* Build configuration list for PBXNativeTarget "soundWalkTests" */;
			buildPhases = (
				5A59D0542E5B73BC0050866E /* Sources */,
				5A59D0552E5B73BC0050866E /* Frameworks */,
				5A59D0562E5B73BC0050866E /* Resources */,
			);
			buildRules = (
			);
			dependencies = (
				5A59D05A2E5B73BC0050866E /* PBXTargetDependency */,
			);
			name = soundWalkTests;
			productName = soundWalkTests;
			productReference = 5A59D0582E5B73BC0050866E /* soundWalkTests.xctest */;
			productType = "com.apple.product-type.bundle.unit-test";
		};
		5A59D0612E5B73BC0050866E /* soundWalkUITests */ = {
			isa = PBXNativeTarget;
			buildConfigurationList = 5A59D0722E5B73BC0050866E /* Build configuration list for PBXNativeTarget "soundWalkUITests" */;
			buildPhases = (
				5A59D05E2E5B73BC0050866E /* Sources */,
				5A59D05F2E5B73BC0050866E /* Frameworks */,
				5A59D0602E5B73BC0050866E /* Resources */,
			);
			buildRules = (
			);
			dependencies = (
				5A59D0642E5B73BC0050866E /* PBXTargetDependency */,
			);
			name = soundWalkUITests;
			productName = soundWalkUITests;
			productReference = 5A59D0622E5B73BC0050866E /* soundWalkUITests.xctest */;
			productType = "com.apple.product-type.bundle.ui-testing";
		};
/* End PBXNativeTarget section */

/* Begin PBXProject section */
		5A59D03E2E5B73BB0050866E /* Project object */ = {
			isa = PBXProject;
			attributes = {
				BuildIndependentTargetsInParallel = 1;
				LastSwiftUpdateCheck = 1500;
				LastUpgradeCheck = 1500;
				TargetAttributes = {
					5A59D0452E5B73BB0050866E = {
						CreatedOnToolsVersion = 15.0.1;
					};
					5A59D0572E5B73BC0050866E = {
						CreatedOnToolsVersion = 15.0.1;
						TestTargetID = 5A59D0452E5B73BB0050866E;
					};
					5A59D0612E5B73BC0050866E = {
						CreatedOnToolsVersion = 15.0.1;
						TestTargetID = 5A59D0452E5B73BB0050866E;
					};
				};
			};
			buildConfigurationList = 5A59D0412E5B73BB0050866E /* Build configuration list for PBXProject "soundWalk" */;
			compatibilityVersion = "Xcode 14.0";
			developmentRegion = en;
			hasScannedForEncodings = 0;
			knownRegions = (
				en,
				Base,
			);
			mainGroup = 5A59D03D2E5B73BB0050866E;
			productRefGroup = 5A59D0472E5B73BB0050866E /* Products */;
			projectDirPath = "";
			projectRoot = "";
			targets = (
				5A59D0452E5B73BB0050866E /* soundWalk */,
				5A59D0572E5B73BC0050866E /* soundWalkTests */,
				5A59D0612E5B73BC0050866E /* soundWalkUITests */,
			);
		};
/* End PBXProject section */

/* Begin PBXResourcesBuildPhase section */
		5A59D0442E5B73BB0050866E /* Resources */ = {
			isa = PBXResourcesBuildPhase;
			buildActionMask = 2147483647;
			files = (
				5A59D0872E5C77850050866E /* cello.wav in Resources */,
				5A59D0852E5C76570050866E /* deliverance.wav in Resources */,
				5A59D07B2E5BB6E70050866E /* familyUnits.wav in Resources */,
				5A59D0532E5B73BC0050866E /* Preview Assets.xcassets in Resources */,
				5A59D0502E5B73BC0050866E /* Assets.xcassets in Resources */,
				5A59D0772E5BABDA0050866E /* ClockTick.wav in Resources */,
			);
			runOnlyForDeploymentPostprocessing = 0;
		};
		5A59D0562E5B73BC0050866E /* Resources */ = {
			isa = PBXResourcesBuildPhase;
			buildActionMask = 2147483647;
			files = (
			);
			runOnlyForDeploymentPostprocessing = 0;
		};
		5A59D0602E5B73BC0050866E /* Resources */ = {
			isa = PBXResourcesBuildPhase;
			buildActionMask = 2147483647;
			files = (
			);
			runOnlyForDeploymentPostprocessing = 0;
		};
/* End PBXResourcesBuildPhase section */

/* Begin PBXSourcesBuildPhase section */
		5A59D0422E5B73BB0050866E /* Sources */ = {
			isa = PBXSourcesBuildPhase;
			buildActionMask = 2147483647;
			files = (
				5A59D07F2E5BCA920050866E /* SoundWalkManager.swift in Sources */,
				5A59D04E2E5B73BB0050866E /* Item.swift in Sources */,
				5A59D0812E5BCAC20050866E /* LocationService.swift in Sources */,
				5A59D04A2E5B73BB0050866E /* soundWalkApp.swift in Sources */,
				5A59D07D2E5BCA330050866E /* Zone.swift in Sources */,
				5A59D0832E5BD8680050866E /* ZoneEditorView.swift in Sources */,
			);
			runOnlyForDeploymentPostprocessing = 0;
		};
		5A59D0542E5B73BC0050866E /* Sources */ = {
			isa = PBXSourcesBuildPhase;
			buildActionMask = 2147483647;
			files = (
				5A59D05D2E5B73BC0050866E /* soundWalkTests.swift in Sources */,
			);
			runOnlyForDeploymentPostprocessing = 0;
		};
		5A59D05E2E5B73BC0050866E /* Sources */ = {
			isa = PBXSourcesBuildPhase;
			buildActionMask = 2147483647;
			files = (
				5A59D0672E5B73BC0050866E /* soundWalkUITests.swift in Sources */,
				5A59D0692E5B73BC0050866E /* soundWalkUITestsLaunchTests.swift in Sources */,
			);
			runOnlyForDeploymentPostprocessing = 0;
		};
/* End PBXSourcesBuildPhase section */

/* Begin PBXTargetDependency section */
		5A59D05A2E5B73BC0050866E /* PBXTargetDependency */ = {
			isa = PBXTargetDependency;
			target = 5A59D0452E5B73BB0050866E /* soundWalk */;
			targetProxy = 5A59D0592E5B73BC0050866E /* PBXContainerItemProxy */;
		};
		5A59D0642E5B73BC0050866E /* PBXTargetDependency */ = {
			isa = PBXTargetDependency;
			target = 5A59D0452E5B73BB0050866E /* soundWalk */;
			targetProxy = 5A59D0632E5B73BC0050866E /* PBXContainerItemProxy */;
		};
/* End PBXTargetDependency section */

/* Begin XCBuildConfiguration section */
		5A59D06A2E5B73BC0050866E /* Debug */ = {
			isa = XCBuildConfiguration;
			buildSettings = {
				ALWAYS_SEARCH_USER_PATHS = NO;
				ASSETCATALOG_COMPILER_GENERATE_SWIFT_ASSET_SYMBOL_EXTENSIONS = YES;
				CLANG_ANALYZER_NONNULL = YES;
				CLANG_ANALYZER_NUMBER_OBJECT_CONVERSION = YES_AGGRESSIVE;
				CLANG_CXX_LANGUAGE_STANDARD = "gnu++20";
				CLANG_ENABLE_MODULES = YES;
				CLANG_ENABLE_OBJC_ARC = YES;
				CLANG_ENABLE_OBJC_WEAK = YES;
				CLANG_WARN_BLOCK_CAPTURE_AUTORELEASING = YES;
				CLANG_WARN_BOOL_CONVERSION = YES;
				CLANG_WARN_COMMA = YES;
				CLANG_WARN_CONSTANT_CONVERSION = YES;
				CLANG_WARN_DEPRECATED_OBJC_IMPLEMENTATIONS = YES;
				CLANG_WARN_DIRECT_OBJC_ISA_USAGE = YES_ERROR;
				CLANG_WARN_DOCUMENTATION_COMMENTS = YES;
				CLANG_WARN_EMPTY_BODY = YES;
				CLANG_WARN_ENUM_CONVERSION = YES;
				CLANG_WARN_INFINITE_RECURSION = YES;
				CLANG_WARN_INT_CONVERSION = YES;
				CLANG_WARN_NON_LITERAL_NULL_CONVERSION = YES;
				CLANG_WARN_OBJC_IMPLICIT_RETAIN_SELF = YES;
				CLANG_WARN_OBJC_LITERAL_CONVERSION = YES;
				CLANG_WARN_OBJC_ROOT_CLASS = YES_ERROR;
				CLANG_WARN_QUOTED_INCLUDE_IN_FRAMEWORK_HEADER = YES;
				CLANG_WARN_RANGE_LOOP_ANALYSIS = YES;
				CLANG_WARN_STRICT_PROTOTYPES = YES;
				CLANG_WARN_SUSPICIOUS_MOVE = YES;
				CLANG_WARN_UNGUARDED_AVAILABILITY = YES_AGGRESSIVE;
				CLANG_WARN_UNREACHABLE_CODE = YES;
				CLANG_WARN__DUPLICATE_METHOD_MATCH = YES;
				COPY_PHASE_STRIP = NO;
				DEBUG_INFORMATION_FORMAT = dwarf;
				ENABLE_STRICT_OBJC_MSGSEND = YES;
				ENABLE_TESTABILITY = YES;
				ENABLE_USER_SCRIPT_SANDBOXING = YES;
				GCC_C_LANGUAGE_STANDARD = gnu17;
				GCC_DYNAMIC_NO_PIC = NO;
				GCC_NO_COMMON_BLOCKS = YES;
				GCC_OPTIMIZATION_LEVEL = 0;
				GCC_PREPROCESSOR_DEFINITIONS = (
					"DEBUG=1",
					"$(inherited)",
				);
				GCC_WARN_64_TO_32_BIT_CONVERSION = YES;
				GCC_WARN_ABOUT_RETURN_TYPE = YES_ERROR;
				GCC_WARN_UNDECLARED_SELECTOR = YES;
				GCC_WARN_UNINITIALIZED_AUTOS = YES_AGGRESSIVE;
				GCC_WARN_UNUSED_FUNCTION = YES;
				GCC_WARN_UNUSED_VARIABLE = YES;
				IPHONEOS_DEPLOYMENT_TARGET = 17.0;
				LOCALIZATION_PREFERS_STRING_CATALOGS = YES;
				MTL_ENABLE_DEBUG_INFO = INCLUDE_SOURCE;
				MTL_FAST_MATH = YES;
				ONLY_ACTIVE_ARCH = YES;
				SDKROOT = iphoneos;
				SWIFT_ACTIVE_COMPILATION_CONDITIONS = "DEBUG $(inherited)";
				SWIFT_OPTIMIZATION_LEVEL = "-Onone";
			};
			name = Debug;
		};
		5A59D06B2E5B73BC0050866E /* Release */ = {
			isa = XCBuildConfiguration;
			buildSettings = {
				ALWAYS_SEARCH_USER_PATHS = NO;
				ASSETCATALOG_COMPILER_GENERATE_SWIFT_ASSET_SYMBOL_EXTENSIONS = YES;
				CLANG_ANALYZER_NONNULL = YES;
				CLANG_ANALYZER_NUMBER_OBJECT_CONVERSION = YES_AGGRESSIVE;
				CLANG_CXX_LANGUAGE_STANDARD = "gnu++20";
				CLANG_ENABLE_MODULES = YES;
				CLANG_ENABLE_OBJC_ARC = YES;
				CLANG_ENABLE_OBJC_WEAK = YES;
				CLANG_WARN_BLOCK_CAPTURE_AUTORELEASING = YES;
				CLANG_WARN_BOOL_CONVERSION = YES;
				CLANG_WARN_COMMA = YES;
				CLANG_WARN_CONSTANT_CONVERSION = YES;
				CLANG_WARN_DEPRECATED_OBJC_IMPLEMENTATIONS = YES;
				CLANG_WARN_DIRECT_OBJC_ISA_USAGE = YES_ERROR;
				CLANG_WARN_DOCUMENTATION_COMMENTS = YES;
				CLANG_WARN_EMPTY_BODY = YES;
				CLANG_WARN_ENUM_CONVERSION = YES;
				CLANG_WARN_INFINITE_RECURSION = YES;
				CLANG_WARN_INT_CONVERSION = YES;
				CLANG_WARN_NON_LITERAL_NULL_CONVERSION = YES;
				CLANG_WARN_OBJC_IMPLICIT_RETAIN_SELF = YES;
				CLANG_WARN_OBJC_LITERAL_CONVERSION = YES;
				CLANG_WARN_OBJC_ROOT_CLASS = YES_ERROR;
				CLANG_WARN_QUOTED_INCLUDE_IN_FRAMEWORK_HEADER = YES;
				CLANG_WARN_RANGE_LOOP_ANALYSIS = YES;
				CLANG_WARN_STRICT_PROTOTYPES = YES;
				CLANG_WARN_SUSPICIOUS_MOVE = YES;
				CLANG_WARN_UNGUARDED_AVAILABILITY = YES_AGGRESSIVE;
				CLANG_WARN_UNREACHABLE_CODE = YES;
				CLANG_WARN__DUPLICATE_METHOD_MATCH = YES;
				COPY_PHASE_STRIP = NO;
				DEBUG_INFORMATION_FORMAT = "dwarf-with-dsym";
				ENABLE_NS_ASSERTIONS = NO;
				ENABLE_STRICT_OBJC_MSGSEND = YES;
				ENABLE_USER_SCRIPT_SANDBOXING = YES;
				GCC_C_LANGUAGE_STANDARD = gnu17;
				GCC_NO_COMMON_BLOCKS = YES;
				GCC_WARN_64_TO_32_BIT_CONVERSION = YES;
				GCC_WARN_ABOUT_RETURN_TYPE = YES_ERROR;
				GCC_WARN_UNDECLARED_SELECTOR = YES;
				GCC_WARN_UNINITIALIZED_AUTOS = YES_AGGRESSIVE;
				GCC_WARN_UNUSED_FUNCTION = YES;
				GCC_WARN_UNUSED_VARIABLE = YES;
				IPHONEOS_DEPLOYMENT_TARGET = 17.0;
				LOCALIZATION_PREFERS_STRING_CATALOGS = YES;
				MTL_ENABLE_DEBUG_INFO = NO;
				MTL_FAST_MATH = YES;
				SDKROOT = iphoneos;
				SWIFT_COMPILATION_MODE = wholemodule;
				VALIDATE_PRODUCT = YES;
			};
			name = Release;
		};
		5A59D06D2E5B73BC0050866E /* Debug */ = {
			isa = XCBuildConfiguration;
			buildSettings = {
				ASSETCATALOG_COMPILER_APPICON_NAME = AppIcon;
				ASSETCATALOG_COMPILER_GLOBAL_ACCENT_COLOR_NAME = AccentColor;
				CODE_SIGN_STYLE = Automatic;
				CURRENT_PROJECT_VERSION = 1;
				DEVELOPMENT_ASSET_PATHS = "\"soundWalk/Preview Content\"";
				DEVELOPMENT_TEAM = R7U8S47DSN;
				ENABLE_PREVIEWS = YES;
				GENERATE_INFOPLIST_FILE = YES;
				INFOPLIST_FILE = soundWalk/Info.plist;
				INFOPLIST_KEY_UIApplicationSceneManifest_Generation = YES;
				INFOPLIST_KEY_UIApplicationSupportsIndirectInputEvents = YES;
				INFOPLIST_KEY_UILaunchScreen_Generation = YES;
				INFOPLIST_KEY_UISupportedInterfaceOrientations_iPad = "UIInterfaceOrientationPortrait UIInterfaceOrientationPortraitUpsideDown UIInterfaceOrientationLandscapeLeft UIInterfaceOrientationLandscapeRight";
				INFOPLIST_KEY_UISupportedInterfaceOrientations_iPhone = "UIInterfaceOrientationPortrait UIInterfaceOrientationLandscapeLeft UIInterfaceOrientationLandscapeRight";
				LD_RUNPATH_SEARCH_PATHS = (
					"$(inherited)",
					"@executable_path/Frameworks",
				);
				MARKETING_VERSION = 1.0;
				PRODUCT_BUNDLE_IDENTIFIER = "com.yourname.SoundWalkApp-.--com.yourname.TorchFlasherApp-.--com.owen.TorchFlasherApp.soundWalk";
				PRODUCT_NAME = "$(TARGET_NAME)";
				SWIFT_EMIT_LOC_STRINGS = YES;
				SWIFT_VERSION = 5.0;
				TARGETED_DEVICE_FAMILY = "1,2";
			};
			name = Debug;
		};
		5A59D06E2E5B73BC0050866E /* Release */ = {
			isa = XCBuildConfiguration;
			buildSettings = {
				ASSETCATALOG_COMPILER_APPICON_NAME = AppIcon;
				ASSETCATALOG_COMPILER_GLOBAL_ACCENT_COLOR_NAME = AccentColor;
				CODE_SIGN_STYLE = Automatic;
				CURRENT_PROJECT_VERSION = 1;
				DEVELOPMENT_ASSET_PATHS = "\"soundWalk/Preview Content\"";
				DEVELOPMENT_TEAM = R7U8S47DSN;
				ENABLE_PREVIEWS = YES;
				GENERATE_INFOPLIST_FILE = YES;
				INFOPLIST_FILE = soundWalk/Info.plist;
				INFOPLIST_KEY_UIApplicationSceneManifest_Generation = YES;
				INFOPLIST_KEY_UIApplicationSupportsIndirectInputEvents = YES;
				INFOPLIST_KEY_UILaunchScreen_Generation = YES;
				INFOPLIST_KEY_UISupportedInterfaceOrientations_iPad = "UIInterfaceOrientationPortrait UIInterfaceOrientationPortraitUpsideDown UIInterfaceOrientationLandscapeLeft UIInterfaceOrientationLandscapeRight";
				INFOPLIST_KEY_UISupportedInterfaceOrientations_iPhone = "UIInterfaceOrientationPortrait UIInterfaceOrientationLandscapeLeft UIInterfaceOrientationLandscapeRight";
				LD_RUNPATH_SEARCH_PATHS = (
					"$(inherited)",
					"@executable_path/Frameworks",
				);
				MARKETING_VERSION = 1.0;
				PRODUCT_BUNDLE_IDENTIFIER = "com.yourname.SoundWalkApp-.--com.yourname.TorchFlasherApp-.--com.owen.TorchFlasherApp.soundWalk";
				PRODUCT_NAME = "$(TARGET_NAME)";
				SWIFT_EMIT_LOC_STRINGS = YES;
				SWIFT_VERSION = 5.0;
				TARGETED_DEVICE_FAMILY = "1,2";
			};
			name = Release;
		};
		5A59D0702E5B73BC0050866E /* Debug */ = {
			isa = XCBuildConfiguration;
			buildSettings = {
				ALWAYS_EMBED_SWIFT_STANDARD_LIBRARIES = YES;
				BUNDLE_LOADER = "$(TEST_HOST)";
				CODE_SIGN_STYLE = Automatic;
				CURRENT_PROJECT_VERSION = 1;
				DEVELOPMENT_TEAM = R7U8S47DSN;
				GENERATE_INFOPLIST_FILE = YES;
				IPHONEOS_DEPLOYMENT_TARGET = 17.0;
				MARKETING_VERSION = 1.0;
				PRODUCT_BUNDLE_IDENTIFIER = "com.yourname.SoundWalkApp-.--com.yourname.TorchFlasherApp-.--com.owen.TorchFlasherApp.soundWalkTests";
				PRODUCT_NAME = "$(TARGET_NAME)";
				SWIFT_EMIT_LOC_STRINGS = NO;
				SWIFT_VERSION = 5.0;
				TARGETED_DEVICE_FAMILY = "1,2";
				TEST_HOST = "$(BUILT_PRODUCTS_DIR)/soundWalk.app/$(BUNDLE_EXECUTABLE_FOLDER_PATH)/soundWalk";
			};
			name = Debug;
		};
		5A59D0712E5B73BC0050866E /* Release */ = {
			isa = XCBuildConfiguration;
			buildSettings = {
				ALWAYS_EMBED_SWIFT_STANDARD_LIBRARIES = YES;
				BUNDLE_LOADER = "$(TEST_HOST)";
				CODE_SIGN_STYLE = Automatic;
				CURRENT_PROJECT_VERSION = 1;
				DEVELOPMENT_TEAM = R7U8S47DSN;
				GENERATE_INFOPLIST_FILE = YES;
				IPHONEOS_DEPLOYMENT_TARGET = 17.0;
				MARKETING_VERSION = 1.0;
				PRODUCT_BUNDLE_IDENTIFIER = "com.yourname.SoundWalkApp-.--com.yourname.TorchFlasherApp-.--com.owen.TorchFlasherApp.soundWalkTests";
				PRODUCT_NAME = "$(TARGET_NAME)";
				SWIFT_EMIT_LOC_STRINGS = NO;
				SWIFT_VERSION = 5.0;
				TARGETED_DEVICE_FAMILY = "1,2";
				TEST_HOST = "$(BUILT_PRODUCTS_DIR)/soundWalk.app/$(BUNDLE_EXECUTABLE_FOLDER_PATH)/soundWalk";
			};
			name = Release;
		};
		5A59D0732E5B73BC0050866E /* Debug */ = {
			isa = XCBuildConfiguration;
			buildSettings = {
				ALWAYS_EMBED_SWIFT_STANDARD_LIBRARIES = YES;
				CODE_SIGN_STYLE = Automatic;
				CURRENT_PROJECT_VERSION = 1;
				DEVELOPMENT_TEAM = R7U8S47DSN;
				GENERATE_INFOPLIST_FILE = YES;
				MARKETING_VERSION = 1.0;
				PRODUCT_BUNDLE_IDENTIFIER = "com.yourname.SoundWalkApp-.--com.yourname.TorchFlasherApp-.--com.owen.TorchFlasherApp.soundWalkUITests";
				PRODUCT_NAME = "$(TARGET_NAME)";
				SWIFT_EMIT_LOC_STRINGS = NO;
				SWIFT_VERSION = 5.0;
				TARGETED_DEVICE_FAMILY = "1,2";
				TEST_TARGET_NAME = soundWalk;
			};
			name = Debug;
		};
		5A59D0742E5B73BC0050866E /* Release */ = {
			isa = XCBuildConfiguration;
			buildSettings = {
				ALWAYS_EMBED_SWIFT_STANDARD_LIBRARIES = YES;
				CODE_SIGN_STYLE = Automatic;
				CURRENT_PROJECT_VERSION = 1;
				DEVELOPMENT_TEAM = R7U8S47DSN;
				GENERATE_INFOPLIST_FILE = YES;
				MARKETING_VERSION = 1.0;
				PRODUCT_BUNDLE_IDENTIFIER = "com.yourname.SoundWalkApp-.--com.yourname.TorchFlasherApp-.--com.owen.TorchFlasherApp.soundWalkUITests";
				PRODUCT_NAME = "$(TARGET_NAME)";
				SWIFT_EMIT_LOC_STRINGS = NO;
				SWIFT_VERSION = 5.0;
				TARGETED_DEVICE_FAMILY = "1,2";
				TEST_TARGET_NAME = soundWalk;
			};
			name = Release;
		};
/* End XCBuildConfiguration section */

/* Begin XCConfigurationList section */
		5A59D0412E5B73BB0050866E /* Build configuration list for PBXProject "soundWalk" */ = {
			isa = XCConfigurationList;
			buildConfigurations = (
				5A59D06A2E5B73BC0050866E /* Debug */,
				5A59D06B2E5B73BC0050866E /* Release */,
			);
			defaultConfigurationIsVisible = 0;
			defaultConfigurationName = Release;
		};
		5A59D06C2E5B73BC0050866E /* Build configuration list for PBXNativeTarget "soundWalk" */ = {
			isa = XCConfigurationList;
			buildConfigurations = (
				5A59D06D2E5B73BC0050866E /* Debug */,
				5A59D06E2E5B73BC0050866E /* Release */,
			);
			defaultConfigurationIsVisible = 0;
			defaultConfigurationName = Release;
		};
		5A59D06F2E5B73BC0050866E /* Build configuration list for PBXNativeTarget "soundWalkTests" */ = {
			isa = XCConfigurationList;
			buildConfigurations = (
				5A59D0702E5B73BC0050866E /* Debug */,
				5A59D0712E5B73BC0050866E /* Release */,
			);
			defaultConfigurationIsVisible = 0;
			defaultConfigurationName = Release;
		};
		5A59D0722E5B73BC0050866E /* Build configuration list for PBXNativeTarget "soundWalkUITests" */ = {
			isa = XCConfigurationList;
			buildConfigurations = (
				5A59D0732E5B73BC0050866E /* Debug */,
				5A59D0742E5B73BC0050866E /* Release */,
			);
			defaultConfigurationIsVisible = 0;
			defaultConfigurationName = Release;
		};
/* End XCConfigurationList section */
	};
	rootObject = 5A59D03E2E5B73BB0050866E /* Project object */;
}
